
Microsoft Visual Studio Solution File, Format Version 12.00
# Visual Studio 15
VisualStudioVersion = 15.0.27130.2010
MinimumVisualStudioVersion = 10.0.40219.1
Project("{8BC9CEB8-8B4A-11D0-8D11-00A0C91BC942}") = "Trees", "Trees\Trees.vcxproj", "{7BF8B7D2-7EF0-4132-940A-F7F10AB0E62F}"
EndProject
Global
	GlobalSection(SolutionConfigurationPlatforms) = preSolution
		Debug|x64 = Debug|x64
		Debug|x86 = Debug|x86
		Release|x64 = Release|x64
		Release|x86 = Release|x86
	EndGlobalSection
	GlobalSection(ProjectConfigurationPlatforms) = postSolution
		{7BF8B7D2-7EF0-4132-940A-F7F10AB0E62F}.Debug|x64.ActiveCfg = Debug|x64
		{7BF8B7D2-7EF0-4132-940A-F7F10AB0E62F}.Debug|x64.Build.0 = Debug|x64
		{7BF8B7D2-7EF0-4132-940A-F7F10AB0E62F}.Debug|x86.ActiveCfg = Debug|Win32
		{7BF8B7D2-7EF0-4132-940A-F7F10AB0E62F}.Debug|x86.Build.0 = Debug|Win32
		{7BF8B7D2-7EF0-4132-940A-F7F10AB0E62F}.Release|x64.ActiveCfg = Release|x64
		{7BF8B7D2-7EF0-4132-940A-F7F10AB0E62F}.Release|x64.Build.0 = Release|x64
		{7BF8B7D2-7EF0-4132-940A-F7F10AB0E62F}.Release|x86.ActiveCfg = Release|Win32
		{7BF8B7D2-7EF0-4132-940A-F7F10AB0E62F}.Release|x86.Build.0 = Release|Win32
	EndGlobalSection
	GlobalSection(SolutionProperties) = preSolution
		HideSolutionNode = FALSE
	EndGlobalSection
	GlobalSection(ExtensibilityGlobals) = postSolution
		SolutionGuid = {AC22005F-FB1A-4418-B960-9B87F27E3FD7}
	EndGlobalSection
EndGlobal
